
Microsoft Visual Studio Solution File, Format Version 12.00
# Visual Studio Version 16
VisualStudioVersion = 16.0.30717.126
MinimumVisualStudioVersion = 10.0.40219.1
Project("{9A19103F-16F7-4668-BE54-9A1E7A4F7556}") = "QLNhanVienEF", "ConsoleApp4\QLNhanVienEF.csproj", "{E4E09CD9-B5AC-411E-B62A-6920DE68E34F}"
EndProject
Global
	GlobalSection(SolutionConfigurationPlatforms) = preSolution
		Debug|Any CPU = Debug|Any CPU
		Release|Any CPU = Release|Any CPU
	EndGlobalSection
	GlobalSection(ProjectConfigurationPlatforms) = postSolution
		{E4E09CD9-B5AC-411E-B62A-6920DE68E34F}.Debug|Any CPU.ActiveCfg = Debug|Any CPU
		{E4E09CD9-B5AC-411E-B62A-6920DE68E34F}.Debug|Any CPU.Build.0 = Debug|Any CPU
		{E4E09CD9-B5AC-411E-B62A-6920DE68E34F}.Release|Any CPU.ActiveCfg = Release|Any CPU
		{E4E09CD9-B5AC-411E-B62A-6920DE68E34F}.Release|Any CPU.Build.0 = Release|Any CPU
	EndGlobalSection
	GlobalSection(SolutionProperties) = preSolution
		HideSolutionNode = FALSE
	EndGlobalSection
	GlobalSection(ExtensibilityGlobals) = postSolution
		SolutionGuid = {76F68977-9359-4917-82CF-D20FBD434F44}
	EndGlobalSection
EndGlobal
