
Microsoft Visual Studio Solution File, Format Version 12.00
# Visual Studio Version 16
VisualStudioVersion = 16.0.30717.126
MinimumVisualStudioVersion = 10.0.40219.1
Project("{FAE04EC0-301F-11D3-BF4B-00C04F79EFBC}") = "QL_KhoaHoc_EF03", "QL_KhoaHoc_EF03\QL_KhoaHoc_EF03.csproj", "{0CB664F3-BD88-48D7-933C-A9F12CF7F98A}"
EndProject
Global
	GlobalSection(SolutionConfigurationPlatforms) = preSolution
		Debug|Any CPU = Debug|Any CPU
		Release|Any CPU = Release|Any CPU
	EndGlobalSection
	GlobalSection(ProjectConfigurationPlatforms) = postSolution
		{0CB664F3-BD88-48D7-933C-A9F12CF7F98A}.Debug|Any CPU.ActiveCfg = Debug|Any CPU
		{0CB664F3-BD88-48D7-933C-A9F12CF7F98A}.Debug|Any CPU.Build.0 = Debug|Any CPU
		{0CB664F3-BD88-48D7-933C-A9F12CF7F98A}.Release|Any CPU.ActiveCfg = Release|Any CPU
		{0CB664F3-BD88-48D7-933C-A9F12CF7F98A}.Release|Any CPU.Build.0 = Release|Any CPU
	EndGlobalSection
	GlobalSection(SolutionProperties) = preSolution
		HideSolutionNode = FALSE
	EndGlobalSection
	GlobalSection(ExtensibilityGlobals) = postSolution
		SolutionGuid = {D88CEF91-0E43-454C-B646-12E63E94EBA8}
	EndGlobalSection
EndGlobal
